
Microsoft Visual Studio Solution File, Format Version 12.00
# Visual Studio 15
VisualStudioVersion = 15.0.28307.852
MinimumVisualStudioVersion = 10.0.40219.1
Project("{9A19103F-16F7-4668-BE54-9A1E7A4F7556}") = "BrookingsCommunity", "BrookingsCommunity\BrookingsCommunity.csproj", "{C4B9697B-97E6-46EF-89DD-408970227899}"
EndProject
Project("{FAE04EC0-301F-11D3-BF4B-00C04F79EFBC}") = "BrookingsCommunityTests", "BrookingsCommunityTests\BrookingsCommunityTests.csproj", "{5AF7FDF7-6155-4806-976E-671DF036C401}"
EndProject
Global
	GlobalSection(SolutionConfigurationPlatforms) = preSolution
		Debug|Any CPU = Debug|Any CPU
		Release|Any CPU = Release|Any CPU
	EndGlobalSection
	GlobalSection(ProjectConfigurationPlatforms) = postSolution
		{C4B9697B-97E6-46EF-89DD-408970227899}.Debug|Any CPU.ActiveCfg = Debug|Any CPU
		{C4B9697B-97E6-46EF-89DD-408970227899}.Debug|Any CPU.Build.0 = Debug|Any CPU
		{C4B9697B-97E6-46EF-89DD-408970227899}.Release|Any CPU.ActiveCfg = Release|Any CPU
		{C4B9697B-97E6-46EF-89DD-408970227899}.Release|Any CPU.Build.0 = Release|Any CPU
		{5AF7FDF7-6155-4806-976E-671DF036C401}.Debug|Any CPU.ActiveCfg = Debug|Any CPU
		{5AF7FDF7-6155-4806-976E-671DF036C401}.Debug|Any CPU.Build.0 = Debug|Any CPU
		{5AF7FDF7-6155-4806-976E-671DF036C401}.Release|Any CPU.ActiveCfg = Release|Any CPU
		{5AF7FDF7-6155-4806-976E-671DF036C401}.Release|Any CPU.Build.0 = Release|Any CPU
	EndGlobalSection
	GlobalSection(SolutionProperties) = preSolution
		HideSolutionNode = FALSE
	EndGlobalSection
	GlobalSection(ExtensibilityGlobals) = postSolution
		SolutionGuid = {8FF83045-C84C-4D47-B58B-A79FFC149754}
	EndGlobalSection
EndGlobal
